
Microsoft Visual Studio Solution File, Format Version 12.00
# Visual Studio 14
VisualStudioVersion = 14.0.25420.1
MinimumVisualStudioVersion = 10.0.40219.1
Project("{FAE04EC0-301F-11D3-BF4B-00C04F79EFBC}") = "PartWarehouseApp", "PartWarehouseApp\PartWarehouseApp.csproj", "{5FAF72BD-8D7D-40A0-8833-F0B6BC7EB950}"
EndProject
Project("{FAE04EC0-301F-11D3-BF4B-00C04F79EFBC}") = "PartDB", "PartDB\PartDB.csproj", "{562BE12F-D92B-4CD2-A860-EB8C0C3B2389}"
EndProject
Project("{FAE04EC0-301F-11D3-BF4B-00C04F79EFBC}") = "PartRepository", "PartRepository\PartRepository.csproj", "{952699E8-87BE-40E1-A8DE-8911C40C8484}"
EndProject
Global
	GlobalSection(SolutionConfigurationPlatforms) = preSolution
		Debug|Any CPU = Debug|Any CPU
		Release|Any CPU = Release|Any CPU
	EndGlobalSection
	GlobalSection(ProjectConfigurationPlatforms) = postSolution
		{5FAF72BD-8D7D-40A0-8833-F0B6BC7EB950}.Debug|Any CPU.ActiveCfg = Debug|Any CPU
		{5FAF72BD-8D7D-40A0-8833-F0B6BC7EB950}.Debug|Any CPU.Build.0 = Debug|Any CPU
		{5FAF72BD-8D7D-40A0-8833-F0B6BC7EB950}.Release|Any CPU.ActiveCfg = Release|Any CPU
		{5FAF72BD-8D7D-40A0-8833-F0B6BC7EB950}.Release|Any CPU.Build.0 = Release|Any CPU
		{562BE12F-D92B-4CD2-A860-EB8C0C3B2389}.Debug|Any CPU.ActiveCfg = Debug|Any CPU
		{562BE12F-D92B-4CD2-A860-EB8C0C3B2389}.Debug|Any CPU.Build.0 = Debug|Any CPU
		{562BE12F-D92B-4CD2-A860-EB8C0C3B2389}.Release|Any CPU.ActiveCfg = Release|Any CPU
		{562BE12F-D92B-4CD2-A860-EB8C0C3B2389}.Release|Any CPU.Build.0 = Release|Any CPU
		{952699E8-87BE-40E1-A8DE-8911C40C8484}.Debug|Any CPU.ActiveCfg = Debug|Any CPU
		{952699E8-87BE-40E1-A8DE-8911C40C8484}.Debug|Any CPU.Build.0 = Debug|Any CPU
		{952699E8-87BE-40E1-A8DE-8911C40C8484}.Release|Any CPU.ActiveCfg = Release|Any CPU
		{952699E8-87BE-40E1-A8DE-8911C40C8484}.Release|Any CPU.Build.0 = Release|Any CPU
	EndGlobalSection
	GlobalSection(SolutionProperties) = preSolution
		HideSolutionNode = FALSE
	EndGlobalSection
EndGlobal
